
Microsoft Visual Studio Solution File, Format Version 12.00
# Visual Studio Version 17
VisualStudioVersion = 17.0.31903.59
MinimumVisualStudioVersion = 10.0.40219.1
Project("{FAE04EC0-301F-11D3-BF4B-00C04F79EFBC}") = "I4Twins.Api", "I4Twins.Api\I4Twins.Api.csproj", "{D7D204E2-EB07-4165-8EBB-FC5DEC9E91EB}"
EndProject
Project("{FAE04EC0-301F-11D3-BF4B-00C04F79EFBC}") = "I4Twins.Application", "I4Twins.Application\I4Twins.Application.csproj", "{C35D03C2-38E4-4D07-AB06-2D3FD131A9A7}"
EndProject
Project("{FAE04EC0-301F-11D3-BF4B-00C04F79EFBC}") = "I4Twins.Domain", "I4Twins.Domain\I4Twins.Domain.csproj", "{269799A9-6A70-4DBA-A139-D502123A60F4}"
EndProject
Project("{FAE04EC0-301F-11D3-BF4B-00C04F79EFBC}") = "I4Twins.Infrastructure", "I4Twins.Infrastructure\I4Twins.Infrastructure.csproj", "{C7317BC1-592D-4486-A4F2-430425F00900}"
EndProject
Project("{FAE04EC0-301F-11D3-BF4B-00C04F79EFBC}") = "I4Twins.Tests", "I4Twins.Tests\I4Twins.Tests.csproj", "{D094C92B-DFDD-4469-AF14-911EF3940024}"
EndProject
Global
	GlobalSection(SolutionConfigurationPlatforms) = preSolution
		Debug|Any CPU = Debug|Any CPU
		Release|Any CPU = Release|Any CPU
	EndGlobalSection
	GlobalSection(ProjectConfigurationPlatforms) = postSolution
		{D7D204E2-EB07-4165-8EBB-FC5DEC9E91EB}.Debug|Any CPU.ActiveCfg = Debug|Any CPU
		{D7D204E2-EB07-4165-8EBB-FC5DEC9E91EB}.Debug|Any CPU.Build.0 = Debug|Any CPU
		{D7D204E2-EB07-4165-8EBB-FC5DEC9E91EB}.Release|Any CPU.ActiveCfg = Release|Any CPU
		{D7D204E2-EB07-4165-8EBB-FC5DEC9E91EB}.Release|Any CPU.Build.0 = Release|Any CPU
		{C35D03C2-38E4-4D07-AB06-2D3FD131A9A7}.Debug|Any CPU.ActiveCfg = Debug|Any CPU
		{C35D03C2-38E4-4D07-AB06-2D3FD131A9A7}.Debug|Any CPU.Build.0 = Debug|Any CPU
		{C35D03C2-38E4-4D07-AB06-2D3FD131A9A7}.Release|Any CPU.ActiveCfg = Release|Any CPU
		{C35D03C2-38E4-4D07-AB06-2D3FD131A9A7}.Release|Any CPU.Build.0 = Release|Any CPU
		{269799A9-6A70-4DBA-A139-D502123A60F4}.Debug|Any CPU.ActiveCfg = Debug|Any CPU
		{269799A9-6A70-4DBA-A139-D502123A60F4}.Debug|Any CPU.Build.0 = Debug|Any CPU
		{269799A9-6A70-4DBA-A139-D502123A60F4}.Release|Any CPU.ActiveCfg = Release|Any CPU
		{269799A9-6A70-4DBA-A139-D502123A60F4}.Release|Any CPU.Build.0 = Release|Any CPU
		{C7317BC1-592D-4486-A4F2-430425F00900}.Debug|Any CPU.ActiveCfg = Debug|Any CPU
		{C7317BC1-592D-4486-A4F2-430425F00900}.Debug|Any CPU.Build.0 = Debug|Any CPU
		{C7317BC1-592D-4486-A4F2-430425F00900}.Release|Any CPU.ActiveCfg = Release|Any CPU
		{C7317BC1-592D-4486-A4F2-430425F00900}.Release|Any CPU.Build.0 = Release|Any CPU
		{D094C92B-DFDD-4469-AF14-911EF3940024}.Debug|Any CPU.ActiveCfg = Debug|Any CPU
		{D094C92B-DFDD-4469-AF14-911EF3940024}.Debug|Any CPU.Build.0 = Debug|Any CPU
		{D094C92B-DFDD-4469-AF14-911EF3940024}.Release|Any CPU.ActiveCfg = Release|Any CPU
		{D094C92B-DFDD-4469-AF14-911EF3940024}.Release|Any CPU.Build.0 = Release|Any CPU
	EndGlobalSection
	GlobalSection(SolutionProperties) = preSolution
		HideSolutionNode = FALSE
	EndGlobalSection
	GlobalSection(ExtensibilityGlobals) = postSolution
		SolutionGuid = {4EAEE06B-501F-4A15-BE34-D90EBBEFA226}
	EndGlobalSection
EndGlobal
